// !$*UTF8*$!
{
	archiveVersion = 1;
	classes = {
	};
	objectVersion = 50;
	objects = {

/* Begin PBXBuildFile section */
		1632A53823FF0C63004E82F3 /* AppDelegate.swift in Sources */ = {isa = PBXBuildFile; fileRef = 1632A53723FF0C63004E82F3 /* AppDelegate.swift */; };
		1632A53A23FF0C63004E82F3 /* SceneDelegate.swift in Sources */ = {isa = PBXBuildFile; fileRef = 1632A53923FF0C63004E82F3 /* SceneDelegate.swift */; };
		1632A53C23FF0C63004E82F3 /* ViewController.swift in Sources */ = {isa = PBXBuildFile; fileRef = 1632A53B23FF0C63004E82F3 /* ViewController.swift */; };
		1632A53F23FF0C63004E82F3 /* Main.storyboard in Resources */ = {isa = PBXBuildFile; fileRef = 1632A53D23FF0C63004E82F3 /* Main.storyboard */; };
		1632A54123FF0C64004E82F3 /* Assets.xcassets in Resources */ = {isa = PBXBuildFile; fileRef = 1632A54023FF0C64004E82F3 /* Assets.xcassets */; };
		1632A54423FF0C64004E82F3 /* LaunchScreen.storyboard in Resources */ = {isa = PBXBuildFile; fileRef = 1632A54223FF0C64004E82F3 /* LaunchScreen.storyboard */; };
		1632A54F23FF0C65004E82F3 /* Phillips_Homework_3Tests.swift in Sources */ = {isa = PBXBuildFile; fileRef = 1632A54E23FF0C65004E82F3 /* Phillips_Homework_3Tests.swift */; };
		1632A55A23FF0C65004E82F3 /* Phillips_Homework_3UITests.swift in Sources */ = {isa = PBXBuildFile; fileRef = 1632A55923FF0C65004E82F3 /* Phillips_Homework_3UITests.swift */; };
/* End PBXBuildFile section */

/* Begin PBXContainerItemProxy section */
		1632A54B23FF0C65004E82F3 /* PBXContainerItemProxy */ = {
			isa = PBXContainerItemProxy;
			containerPortal = 1632A52C23FF0C62004E82F3 /* Project object */;
			proxyType = 1;
			remoteGlobalIDString = 1632A53323FF0C62004E82F3;
			remoteInfo = "Phillips Homework 3";
		};
		1632A55623FF0C65004E82F3 /* PBXContainerItemProxy */ = {
			isa = PBXContainerItemProxy;
			containerPortal = 1632A52C23FF0C62004E82F3 /* Project object */;
			proxyType = 1;
			remoteGlobalIDString = 1632A53323FF0C62004E82F3;
			remoteInfo = "Phillips Homework 3";
		};
/* End PBXContainerItemProxy section */

/* Begin PBXFileReference section */
		1632A53423FF0C63004E82F3 /* Phillips Homework 3.app */ = {isa = PBXFileReference; explicitFileType = wrapper.application; includeInIndex = 0; path = "Phillips Homework 3.app"; sourceTree = BUILT_PRODUCTS_DIR; };
		1632A53723FF0C63004E82F3 /* AppDelegate.swift */ = {isa = PBXFileReference; lastKnownFileType = sourcecode.swift; path = AppDelegate.swift; sourceTree = "<group>"; };
		1632A53923FF0C63004E82F3 /* SceneDelegate.swift */ = {isa = PBXFileReference; lastKnownFileType = sourcecode.swift; path = SceneDelegate.swift; sourceTree = "<group>"; };
		1632A53B23FF0C63004E82F3 /* ViewController.swift */ = {isa = PBXFileReference; lastKnownFileType = sourcecode.swift; path = ViewController.swift; sourceTree = "<group>"; };
		1632A53E23FF0C63004E82F3 /* Base */ = {isa = PBXFileReference; lastKnownFileType = file.storyboard; name = Base; path = Base.lproj/Main.storyboard; sourceTree = "<group>"; };
		1632A54023FF0C64004E82F3 /* Assets.xcassets */ = {isa = PBXFileReference; lastKnownFileType = folder.assetcatalog; path = Assets.xcassets; sourceTree = "<group>"; };
		1632A54323FF0C64004E82F3 /* Base */ = {isa = PBXFileReference; lastKnownFileType = file.storyboard; name = Base; path = Base.lproj/LaunchScreen.storyboard; sourceTree = "<group>"; };
		1632A54523FF0C64004E82F3 /* Info.plist */ = {isa = PBXFileReference; lastKnownFileType = text.plist.xml; path = Info.plist; sourceTree = "<group>"; };
		1632A54A23FF0C65004E82F3 /* Phillips Homework 3Tests.xctest */ = {isa = PBXFileReference; explicitFileType = wrapper.cfbundle; includeInIndex = 0; path = "Phillips Homework 3Tests.xctest"; sourceTree = BUILT_PRODUCTS_DIR; };
		1632A54E23FF0C65004E82F3 /* Phillips_Homework_3Tests.swift */ = {isa = PBXFileReference; lastKnownFileType = sourcecode.swift; path = Phillips_Homework_3Tests.swift; sourceTree = "<group>"; };
		1632A55023FF0C65004E82F3 /* Info.plist */ = {isa = PBXFileReference; lastKnownFileType = text.plist.xml; path = Info.plist; sourceTree = "<group>"; };
		1632A55523FF0C65004E82F3 /* Phillips Homework 3UITests.xctest */ = {isa = PBXFileReference; explicitFileType = wrapper.cfbundle; includeInIndex = 0; path = "Phillips Homework 3UITests.xctest"; sourceTree = BUILT_PRODUCTS_DIR; };
		1632A55923FF0C65004E82F3 /* Phillips_Homework_3UITests.swift */ = {isa = PBXFileReference; lastKnownFileType = sourcecode.swift; path = Phillips_Homework_3UITests.swift; sourceTree = "<group>"; };
		1632A55B23FF0C65004E82F3 /* Info.plist */ = {isa = PBXFileReference; lastKnownFileType = text.plist.xml; path = Info.plist; sourceTree = "<group>"; };
/* End PBXFileReference section */

/* Begin PBXFrameworksBuildPhase section */
		1632A53123FF0C62004E82F3 /* Frameworks */ = {
			isa = PBXFrameworksBuildPhase;
			buildActionMask = 2147483647;
			files = (
			);
			runOnlyForDeploymentPostprocessing = 0;
		};
		1632A54723FF0C65004E82F3 /* Frameworks */ = {
			isa = PBXFrameworksBuildPhase;
			buildActionMask = 2147483647;
			files = (
			);
			runOnlyForDeploymentPostprocessing = 0;
		};
		1632A55223FF0C65004E82F3 /* Frameworks */ = {
			isa = PBXFrameworksBuildPhase;
			buildActionMask = 2147483647;
			files = (
			);
			runOnlyForDeploymentPostprocessing = 0;
		};
/* End PBXFrameworksBuildPhase section */

/* Begin PBXGroup section */
		1632A52B23FF0C62004E82F3 = {
			isa = PBXGroup;
			children = (
				1632A53623FF0C63004E82F3 /* Phillips Homework 3 */,
				1632A54D23FF0C65004E82F3 /* Phillips Homework 3Tests */,
				1632A55823FF0C65004E82F3 /* Phillips Homework 3UITests */,
				1632A53523FF0C63004E82F3 /* Products */,
			);
			sourceTree = "<group>";
		};
		1632A53523FF0C63004E82F3 /* Products */ = {
			isa = PBXGroup;
			children = (
				1632A53423FF0C63004E82F3 /* Phillips Homework 3.app */,
				1632A54A23FF0C65004E82F3 /* Phillips Homework 3Tests.xctest */,
				1632A55523FF0C65004E82F3 /* Phillips Homework 3UITests.xctest */,
			);
			name = Products;
			sourceTree = "<group>";
		};
		1632A53623FF0C63004E82F3 /* Phillips Homework 3 */ = {
			isa = PBXGroup;
			children = (
				1632A53723FF0C63004E82F3 /* AppDelegate.swift */,
				1632A53923FF0C63004E82F3 /* SceneDelegate.swift */,
				1632A53B23FF0C63004E82F3 /* ViewController.swift */,
				1632A53D23FF0C63004E82F3 /* Main.storyboard */,
				1632A54023FF0C64004E82F3 /* Assets.xcassets */,
				1632A54223FF0C64004E82F3 /* LaunchScreen.storyboard */,
				1632A54523FF0C64004E82F3 /* Info.plist */,
			);
			path = "Phillips Homework 3";
			sourceTree = "<group>";
		};
		1632A54D23FF0C65004E82F3 /* Phillips Homework 3Tests */ = {
			isa = PBXGroup;
			children = (
				1632A54E23FF0C65004E82F3 /* Phillips_Homework_3Tests.swift */,
				1632A55023FF0C65004E82F3 /* Info.plist */,
			);
			path = "Phillips Homework 3Tests";
			sourceTree = "<group>";
		};
		1632A55823FF0C65004E82F3 /* Phillips Homework 3UITests */ = {
			isa = PBXGroup;
			children = (
				1632A55923FF0C65004E82F3 /* Phillips_Homework_3UITests.swift */,
				1632A55B23FF0C65004E82F3 /* Info.plist */,
			);
			path = "Phillips Homework 3UITests";
			sourceTree = "<group>";
		};
/* End PBXGroup section */

/* Begin PBXNativeTarget section */
		1632A53323FF0C62004E82F3 /* Phillips Homework 3 */ = {
			isa = PBXNativeTarget;
			buildConfigurationList = 1632A55E23FF0C65004E82F3 /* Build configuration list for PBXNativeTarget "Phillips Homework 3" */;
			buildPhases = (
				1632A53023FF0C62004E82F3 /* Sources */,
				1632A53123FF0C62004E82F3 /* Frameworks */,
				1632A53223FF0C62004E82F3 /* Resources */,
			);
			buildRules = (
			);
			dependencies = (
			);
			name = "Phillips Homework 3";
			productName = "Phillips Homework 3";
			productReference = 1632A53423FF0C63004E82F3 /* Phillips Homework 3.app */;
			productType = "com.apple.product-type.application";
		};
		1632A54923FF0C65004E82F3 /* Phillips Homework 3Tests */ = {
			isa = PBXNativeTarget;
			buildConfigurationList = 1632A56123FF0C65004E82F3 /* Build configuration list for PBXNativeTarget "Phillips Homework 3Tests" */;
			buildPhases = (
				1632A54623FF0C65004E82F3 /* Sources */,
				1632A54723FF0C65004E82F3 /* Frameworks */,
				1632A54823FF0C65004E82F3 /* Resources */,
			);
			buildRules = (
			);
			dependencies = (
				1632A54C23FF0C65004E82F3 /* PBXTargetDependency */,
			);
			name = "Phillips Homework 3Tests";
			productName = "Phillips Homework 3Tests";
			productReference = 1632A54A23FF0C65004E82F3 /* Phillips Homework 3Tests.xctest */;
			productType = "com.apple.product-type.bundle.unit-test";
		};
		1632A55423FF0C65004E82F3 /* Phillips Homework 3UITests */ = {
			isa = PBXNativeTarget;
			buildConfigurationList = 1632A56423FF0C65004E82F3 /* Build configuration list for PBXNativeTarget "Phillips Homework 3UITests" */;
			buildPhases = (
				1632A55123FF0C65004E82F3 /* Sources */,
				1632A55223FF0C65004E82F3 /* Frameworks */,
				1632A55323FF0C65004E82F3 /* Resources */,
			);
			buildRules = (
			);
			dependencies = (
				1632A55723FF0C65004E82F3 /* PBXTargetDependency */,
			);
			name = "Phillips Homework 3UITests";
			productName = "Phillips Homework 3UITests";
			productReference = 1632A55523FF0C65004E82F3 /* Phillips Homework 3UITests.xctest */;
			productType = "com.apple.product-type.bundle.ui-testing";
		};
/* End PBXNativeTarget section */

/* Begin PBXProject section */
		1632A52C23FF0C62004E82F3 /* Project object */ = {
			isa = PBXProject;
			attributes = {
				LastSwiftUpdateCheck = 1130;
				LastUpgradeCheck = 1130;
				ORGANIZATIONNAME = "Grace Phillips";
				TargetAttributes = {
					1632A53323FF0C62004E82F3 = {
						CreatedOnToolsVersion = 11.3.1;
					};
					1632A54923FF0C65004E82F3 = {
						CreatedOnToolsVersion = 11.3.1;
						TestTargetID = 1632A53323FF0C62004E82F3;
					};
					1632A55423FF0C65004E82F3 = {
						CreatedOnToolsVersion = 11.3.1;
						TestTargetID = 1632A53323FF0C62004E82F3;
					};
				};
			};
			buildConfigurationList = 1632A52F23FF0C62004E82F3 /* Build configuration list for PBXProject "Phillips Homework 3" */;
			compatibilityVersion = "Xcode 9.3";
			developmentRegion = en;
			hasScannedForEncodings = 0;
			knownRegions = (
				en,
				Base,
			);
			mainGroup = 1632A52B23FF0C62004E82F3;
			productRefGroup = 1632A53523FF0C63004E82F3 /* Products */;
			projectDirPath = "";
			projectRoot = "";
			targets = (
				1632A53323FF0C62004E82F3 /* Phillips Homework 3 */,
				1632A54923FF0C65004E82F3 /* Phillips Homework 3Tests */,
				1632A55423FF0C65004E82F3 /* Phillips Homework 3UITests */,
			);
		};
/* End PBXProject section */

/* Begin PBXResourcesBuildPhase section */
		1632A53223FF0C62004E82F3 /* Resources */ = {
			isa = PBXResourcesBuildPhase;
			buildActionMask = 2147483647;
			files = (
				1632A54423FF0C64004E82F3 /* LaunchScreen.storyboard in Resources */,
				1632A54123FF0C64004E82F3 /* Assets.xcassets in Resources */,
				1632A53F23FF0C63004E82F3 /* Main.storyboard in Resources */,
			);
			runOnlyForDeploymentPostprocessing = 0;
		};
		1632A54823FF0C65004E82F3 /* Resources */ = {
			isa = PBXResourcesBuildPhase;
			buildActionMask = 2147483647;
			files = (
			);
			runOnlyForDeploymentPostprocessing = 0;
		};
		1632A55323FF0C65004E82F3 /* Resources */ = {
			isa = PBXResourcesBuildPhase;
			buildActionMask = 2147483647;
			files = (
			);
			runOnlyForDeploymentPostprocessing = 0;
		};
/* End PBXResourcesBuildPhase section */

/* Begin PBXSourcesBuildPhase section */
		1632A53023FF0C62004E82F3 /* Sources */ = {
			isa = PBXSourcesBuildPhase;
			buildActionMask = 2147483647;
			files = (
				1632A53C23FF0C63004E82F3 /* ViewController.swift in Sources */,
				1632A53823FF0C63004E82F3 /* AppDelegate.swift in Sources */,
				1632A53A23FF0C63004E82F3 /* SceneDelegate.swift in Sources */,
			);
			runOnlyForDeploymentPostprocessing = 0;
		};
		1632A54623FF0C65004E82F3 /* Sources */ = {
			isa = PBXSourcesBuildPhase;
			buildActionMask = 2147483647;
			files = (
				1632A54F23FF0C65004E82F3 /* Phillips_Homework_3Tests.swift in Sources */,
			);
			runOnlyForDeploymentPostprocessing = 0;
		};
		1632A55123FF0C65004E82F3 /* Sources */ = {
			isa = PBXSourcesBuildPhase;
			buildActionMask = 2147483647;
			files = (
				1632A55A23FF0C65004E82F3 /* Phillips_Homework_3UITests.swift in Sources */,
			);
			runOnlyForDeploymentPostprocessing = 0;
		};
/* End PBXSourcesBuildPhase section */

/* Begin PBXTargetDependency section */
		1632A54C23FF0C65004E82F3 /* PBXTargetDependency */ = {
			isa = PBXTargetDependency;
			target = 1632A53323FF0C62004E82F3 /* Phillips Homework 3 */;
			targetProxy = 1632A54B23FF0C65004E82F3 /* PBXContainerItemProxy */;
		};
		1632A55723FF0C65004E82F3 /* PBXTargetDependency */ = {
			isa = PBXTargetDependency;
			target = 1632A53323FF0C62004E82F3 /* Phillips Homework 3 */;
			targetProxy = 1632A55623FF0C65004E82F3 /* PBXContainerItemProxy */;
		};
/* End PBXTargetDependency section */

/* Begin PBXVariantGroup section */
		1632A53D23FF0C63004E82F3 /* Main.storyboard */ = {
			isa = PBXVariantGroup;
			children = (
				1632A53E23FF0C63004E82F3 /* Base */,
			);
			name = Main.storyboard;
			sourceTree = "<group>";
		};
		1632A54223FF0C64004E82F3 /* LaunchScreen.storyboard */ = {
			isa = PBXVariantGroup;
			children = (
				1632A54323FF0C64004E82F3 /* Base */,
			);
			name = LaunchScreen.storyboard;
			sourceTree = "<group>";
		};
/* End PBXVariantGroup section */

/* Begin XCBuildConfiguration section */
		1632A55C23FF0C65004E82F3 /* Debug */ = {
			isa = XCBuildConfiguration;
			buildSettings = {
				ALWAYS_SEARCH_USER_PATHS = NO;
				CLANG_ANALYZER_NONNULL = YES;
				CLANG_ANALYZER_NUMBER_OBJECT_CONVERSION = YES_AGGRESSIVE;
				CLANG_CXX_LANGUAGE_STANDARD = "gnu++14";
				CLANG_CXX_LIBRARY = "libc++";
				CLANG_ENABLE_MODULES = YES;
				CLANG_ENABLE_OBJC_ARC = YES;
				CLANG_ENABLE_OBJC_WEAK = YES;
				CLANG_WARN_BLOCK_CAPTURE_AUTORELEASING = YES;
				CLANG_WARN_BOOL_CONVERSION = YES;
				CLANG_WARN_COMMA = YES;
				CLANG_WARN_CONSTANT_CONVERSION = YES;
				CLANG_WARN_DEPRECATED_OBJC_IMPLEMENTATIONS = YES;
				CLANG_WARN_DIRECT_OBJC_ISA_USAGE = YES_ERROR;
				CLANG_WARN_DOCUMENTATION_COMMENTS = YES;
				CLANG_WARN_EMPTY_BODY = YES;
				CLANG_WARN_ENUM_CONVERSION = YES;
				CLANG_WARN_INFINITE_RECURSION = YES;
				CLANG_WARN_INT_CONVERSION = YES;
				CLANG_WARN_NON_LITERAL_NULL_CONVERSION = YES;
				CLANG_WARN_OBJC_IMPLICIT_RETAIN_SELF = YES;
				CLANG_WARN_OBJC_LITERAL_CONVERSION = YES;
				CLANG_WARN_OBJC_ROOT_CLASS = YES_ERROR;
				CLANG_WARN_RANGE_LOOP_ANALYSIS = YES;
				CLANG_WARN_STRICT_PROTOTYPES = YES;
				CLANG_WARN_SUSPICIOUS_MOVE = YES;
				CLANG_WARN_UNGUARDED_AVAILABILITY = YES_AGGRESSIVE;
				CLANG_WARN_UNREACHABLE_CODE = YES;
				CLANG_WARN__DUPLICATE_METHOD_MATCH = YES;
				COPY_PHASE_STRIP = NO;
				DEBUG_INFORMATION_FORMAT = dwarf;
				ENABLE_STRICT_OBJC_MSGSEND = YES;
				ENABLE_TESTABILITY = YES;
				GCC_C_LANGUAGE_STANDARD = gnu11;
				GCC_DYNAMIC_NO_PIC = NO;
				GCC_NO_COMMON_BLOCKS = YES;
				GCC_OPTIMIZATION_LEVEL = 0;
				GCC_PREPROCESSOR_DEFINITIONS = (
					"DEBUG=1",
					"$(inherited)",
				);
				GCC_WARN_64_TO_32_BIT_CONVERSION = YES;
				GCC_WARN_ABOUT_RETURN_TYPE = YES_ERROR;
				GCC_WARN_UNDECLARED_SELECTOR = YES;
				GCC_WARN_UNINITIALIZED_AUTOS = YES_AGGRESSIVE;
				GCC_WARN_UNUSED_FUNCTION = YES;
				GCC_WARN_UNUSED_VARIABLE = YES;
				IPHONEOS_DEPLOYMENT_TARGET = 13.2;
				MTL_ENABLE_DEBUG_INFO = INCLUDE_SOURCE;
				MTL_FAST_MATH = YES;
				ONLY_ACTIVE_ARCH = YES;
				SDKROOT = iphoneos;
				SWIFT_ACTIVE_COMPILATION_CONDITIONS = DEBUG;
				SWIFT_OPTIMIZATION_LEVEL = "-Onone";
			};
			name = Debug;
		};
		1632A55D23FF0C65004E82F3 /* Release */ = {
			isa = XCBuildConfiguration;
			buildSettings = {
				ALWAYS_SEARCH_USER_PATHS = NO;
				CLANG_ANALYZER_NONNULL = YES;
				CLANG_ANALYZER_NUMBER_OBJECT_CONVERSION = YES_AGGRESSIVE;
				CLANG_CXX_LANGUAGE_STANDARD = "gnu++14";
				CLANG_CXX_LIBRARY = "libc++";
				CLANG_ENABLE_MODULES = YES;
				CLANG_ENABLE_OBJC_ARC = YES;
				CLANG_ENABLE_OBJC_WEAK = YES;
				CLANG_WARN_BLOCK_CAPTURE_AUTORELEASING = YES;
				CLANG_WARN_BOOL_CONVERSION = YES;
				CLANG_WARN_COMMA = YES;
				CLANG_WARN_CONSTANT_CONVERSION = YES;
				CLANG_WARN_DEPRECATED_OBJC_IMPLEMENTATIONS = YES;
				CLANG_WARN_DIRECT_OBJC_ISA_USAGE = YES_ERROR;
				CLANG_WARN_DOCUMENTATION_COMMENTS = YES;
				CLANG_WARN_EMPTY_BODY = YES;
				CLANG_WARN_ENUM_CONVERSION = YES;
				CLANG_WARN_INFINITE_RECURSION = YES;
				CLANG_WARN_INT_CONVERSION = YES;
				CLANG_WARN_NON_LITERAL_NULL_CONVERSION = YES;
				CLANG_WARN_OBJC_IMPLICIT_RETAIN_SELF = YES;
				CLANG_WARN_OBJC_LITERAL_CONVERSION = YES;
				CLANG_WARN_OBJC_ROOT_CLASS = YES_ERROR;
				CLANG_WARN_RANGE_LOOP_ANALYSIS = YES;
				CLANG_WARN_STRICT_PROTOTYPES = YES;
				CLANG_WARN_SUSPICIOUS_MOVE = YES;
				CLANG_WARN_UNGUARDED_AVAILABILITY = YES_AGGRESSIVE;
				CLANG_WARN_UNREACHABLE_CODE = YES;
				CLANG_WARN__DUPLICATE_METHOD_MATCH = YES;
				COPY_PHASE_STRIP = NO;
				DEBUG_INFORMATION_FORMAT = "dwarf-with-dsym";
				ENABLE_NS_ASSERTIONS = NO;
				ENABLE_STRICT_OBJC_MSGSEND = YES;
				GCC_C_LANGUAGE_STANDARD = gnu11;
				GCC_NO_COMMON_BLOCKS = YES;
				GCC_WARN_64_TO_32_BIT_CONVERSION = YES;
				GCC_WARN_ABOUT_RETURN_TYPE = YES_ERROR;
				GCC_WARN_UNDECLARED_SELECTOR = YES;
				GCC_WARN_UNINITIALIZED_AUTOS = YES_AGGRESSIVE;
				GCC_WARN_UNUSED_FUNCTION = YES;
				GCC_WARN_UNUSED_VARIABLE = YES;
				IPHONEOS_DEPLOYMENT_TARGET = 13.2;
				MTL_ENABLE_DEBUG_INFO = NO;
				MTL_FAST_MATH = YES;
				SDKROOT = iphoneos;
				SWIFT_COMPILATION_MODE = wholemodule;
				SWIFT_OPTIMIZATION_LEVEL = "-O";
				VALIDATE_PRODUCT = YES;
			};
			name = Release;
		};
		1632A55F23FF0C65004E82F3 /* Debug */ = {
			isa = XCBuildConfiguration;
			buildSettings = {
				ASSETCATALOG_COMPILER_APPICON_NAME = AppIcon;
				CODE_SIGN_STYLE = Automatic;
				DEVELOPMENT_TEAM = YXFWKZGR7Q;
				INFOPLIST_FILE = "Phillips Homework 3/Info.plist";
				LD_RUNPATH_SEARCH_PATHS = (
					"$(inherited)",
					"@executable_path/Frameworks",
				);
				PRODUCT_BUNDLE_IDENTIFIER = "gphillips.Phillips-Homework-3";
				PRODUCT_NAME = "$(TARGET_NAME)";
				SWIFT_VERSION = 5.0;
				TARGETED_DEVICE_FAMILY = "1,2";
			};
			name = Debug;
		};
		1632A56023FF0C65004E82F3 /* Release */ = {
			isa = XCBuildConfiguration;
			buildSettings = {
				ASSETCATALOG_COMPILER_APPICON_NAME = AppIcon;
				CODE_SIGN_STYLE = Automatic;
				DEVELOPMENT_TEAM = YXFWKZGR7Q;
				INFOPLIST_FILE = "Phillips Homework 3/Info.plist";
				LD_RUNPATH_SEARCH_PATHS = (
					"$(inherited)",
					"@executable_path/Frameworks",
				);
				PRODUCT_BUNDLE_IDENTIFIER = "gphillips.Phillips-Homework-3";
				PRODUCT_NAME = "$(TARGET_NAME)";
				SWIFT_VERSION = 5.0;
				TARGETED_DEVICE_FAMILY = "1,2";
			};
			name = Release;
		};
		1632A56223FF0C65004E82F3 /* Debug */ = {
			isa = XCBuildConfiguration;
			buildSettings = {
				ALWAYS_EMBED_SWIFT_STANDARD_LIBRARIES = YES;
				BUNDLE_LOADER = "$(TEST_HOST)";
				CODE_SIGN_STYLE = Automatic;
				DEVELOPMENT_TEAM = YXFWKZGR7Q;
				INFOPLIST_FILE = "Phillips Homework 3Tests/Info.plist";
				IPHONEOS_DEPLOYMENT_TARGET = 13.2;
				LD_RUNPATH_SEARCH_PATHS = (
					"$(inherited)",
					"@executable_path/Frameworks",
					"@loader_path/Frameworks",
				);
				PRODUCT_BUNDLE_IDENTIFIER = "gphillips.Phillips-Homework-3Tests";
				PRODUCT_NAME = "$(TARGET_NAME)";
				SWIFT_VERSION = 5.0;
				TARGETED_DEVICE_FAMILY = "1,2";
				TEST_HOST = "$(BUILT_PRODUCTS_DIR)/Phillips Homework 3.app/Phillips Homework 3";
			};
			name = Debug;
		};
		1632A56323FF0C65004E82F3 /* Release */ = {
			isa = XCBuildConfiguration;
			buildSettings = {
				ALWAYS_EMBED_SWIFT_STANDARD_LIBRARIES = YES;
				BUNDLE_LOADER = "$(TEST_HOST)";
				CODE_SIGN_STYLE = Automatic;
				DEVELOPMENT_TEAM = YXFWKZGR7Q;
				INFOPLIST_FILE = "Phillips Homework 3Tests/Info.plist";
				IPHONEOS_DEPLOYMENT_TARGET = 13.2;
				LD_RUNPATH_SEARCH_PATHS = (
					"$(inherited)",
					"@executable_path/Frameworks",
					"@loader_path/Frameworks",
				);
				PRODUCT_BUNDLE_IDENTIFIER = "gphillips.Phillips-Homework-3Tests";
				PRODUCT_NAME = "$(TARGET_NAME)";
				SWIFT_VERSION = 5.0;
				TARGETED_DEVICE_FAMILY = "1,2";
				TEST_HOST = "$(BUILT_PRODUCTS_DIR)/Phillips Homework 3.app/Phillips Homework 3";
			};
			name = Release;
		};
		1632A56523FF0C65004E82F3 /* Debug */ = {
			isa = XCBuildConfiguration;
			buildSettings = {
				ALWAYS_EMBED_SWIFT_STANDARD_LIBRARIES = YES;
				CODE_SIGN_STYLE = Automatic;
				DEVELOPMENT_TEAM = YXFWKZGR7Q;
				INFOPLIST_FILE = "Phillips Homework 3UITests/Info.plist";
				LD_RUNPATH_SEARCH_PATHS = (
					"$(inherited)",
					"@executable_path/Frameworks",
					"@loader_path/Frameworks",
				);
				PRODUCT_BUNDLE_IDENTIFIER = "gphillips.Phillips-Homework-3UITests";
				PRODUCT_NAME = "$(TARGET_NAME)";
				SWIFT_VERSION = 5.0;
				TARGETED_DEVICE_FAMILY = "1,2";
				TEST_TARGET_NAME = "Phillips Homework 3";
			};
			name = Debug;
		};
		1632A56623FF0C65004E82F3 /* Release */ = {
			isa = XCBuildConfiguration;
			buildSettings = {
				ALWAYS_EMBED_SWIFT_STANDARD_LIBRARIES = YES;
				CODE_SIGN_STYLE = Automatic;
				DEVELOPMENT_TEAM = YXFWKZGR7Q;
				INFOPLIST_FILE = "Phillips Homework 3UITests/Info.plist";
				LD_RUNPATH_SEARCH_PATHS = (
					"$(inherited)",
					"@executable_path/Frameworks",
					"@loader_path/Frameworks",
				);
				PRODUCT_BUNDLE_IDENTIFIER = "gphillips.Phillips-Homework-3UITests";
				PRODUCT_NAME = "$(TARGET_NAME)";
				SWIFT_VERSION = 5.0;
				TARGETED_DEVICE_FAMILY = "1,2";
				TEST_TARGET_NAME = "Phillips Homework 3";
			};
			name = Release;
		};
/* End XCBuildConfiguration section */

/* Begin XCConfigurationList section */
		1632A52F23FF0C62004E82F3 /* Build configuration list for PBXProject "Phillips Homework 3" */ = {
			isa = XCConfigurationList;
			buildConfigurations = (
				1632A55C23FF0C65004E82F3 /* Debug */,
				1632A55D23FF0C65004E82F3 /* Release */,
			);
			defaultConfigurationIsVisible = 0;
			defaultConfigurationName = Release;
		};
		1632A55E23FF0C65004E82F3 /* Build configuration list for PBXNativeTarget "Phillips Homework 3" */ = {
			isa = XCConfigurationList;
			buildConfigurations = (
				1632A55F23FF0C65004E82F3 /* Debug */,
				1632A56023FF0C65004E82F3 /* Release */,
			);
			defaultConfigurationIsVisible = 0;
			defaultConfigurationName = Release;
		};
		1632A56123FF0C65004E82F3 /* Build configuration list for PBXNativeTarget "Phillips Homework 3Tests" */ = {
			isa = XCConfigurationList;
			buildConfigurations = (
				1632A56223FF0C65004E82F3 /* Debug */,
				1632A56323FF0C65004E82F3 /* Release */,
			);
			defaultConfigurationIsVisible = 0;
			defaultConfigurationName = Release;
		};
		1632A56423FF0C65004E82F3 /* Build configuration list for PBXNativeTarget "Phillips Homework 3UITests" */ = {
			isa = XCConfigurationList;
			buildConfigurations = (
				1632A56523FF0C65004E82F3 /* Debug */,
				1632A56623FF0C65004E82F3 /* Release */,
			);
			defaultConfigurationIsVisible = 0;
			defaultConfigurationName = Release;
		};
/* End XCConfigurationList section */
	};
	rootObject = 1632A52C23FF0C62004E82F3 /* Project object */;
}
